
Microsoft Visual Studio Solution File, Format Version 12.00
# Visual Studio Version 16
VisualStudioVersion = 16.0.30611.23
MinimumVisualStudioVersion = 10.0.40219.1
Project("{9A19103F-16F7-4668-BE54-9A1E7A4F7556}") = "vroom", "vroom\vroom.csproj", "{ACFD437E-5F3C-4C36-AEC2-19EC4052275B}"
EndProject
Project("{9A19103F-16F7-4668-BE54-9A1E7A4F7556}") = "VroomDb", "VroomDb\VroomDb.csproj", "{DD01D54D-A2A9-48FD-A45D-49228E36A5C7}"
EndProject
Project("{2150E333-8FDC-42A3-9474-1A3956D46DE8}") = "Solution Items", "Solution Items", "{86223DDD-9A86-4689-938B-44A3703679B3}"
	ProjectSection(SolutionItems) = preProject
		ReadMe.md = ReadMe.md
	EndProjectSection
EndProject
Global
	GlobalSection(SolutionConfigurationPlatforms) = preSolution
		Debug|Any CPU = Debug|Any CPU
		Release|Any CPU = Release|Any CPU
	EndGlobalSection
	GlobalSection(ProjectConfigurationPlatforms) = postSolution
		{ACFD437E-5F3C-4C36-AEC2-19EC4052275B}.Debug|Any CPU.ActiveCfg = Debug|Any CPU
		{ACFD437E-5F3C-4C36-AEC2-19EC4052275B}.Debug|Any CPU.Build.0 = Debug|Any CPU
		{ACFD437E-5F3C-4C36-AEC2-19EC4052275B}.Release|Any CPU.ActiveCfg = Release|Any CPU
		{ACFD437E-5F3C-4C36-AEC2-19EC4052275B}.Release|Any CPU.Build.0 = Release|Any CPU
		{DD01D54D-A2A9-48FD-A45D-49228E36A5C7}.Debug|Any CPU.ActiveCfg = Debug|Any CPU
		{DD01D54D-A2A9-48FD-A45D-49228E36A5C7}.Debug|Any CPU.Build.0 = Debug|Any CPU
		{DD01D54D-A2A9-48FD-A45D-49228E36A5C7}.Release|Any CPU.ActiveCfg = Release|Any CPU
		{DD01D54D-A2A9-48FD-A45D-49228E36A5C7}.Release|Any CPU.Build.0 = Release|Any CPU
	EndGlobalSection
	GlobalSection(SolutionProperties) = preSolution
		HideSolutionNode = FALSE
	EndGlobalSection
	GlobalSection(ExtensibilityGlobals) = postSolution
		SolutionGuid = {5539D69A-A8EE-4246-B633-14F24F1C33AF}
	EndGlobalSection
EndGlobal
